
Microsoft Visual Studio Solution File, Format Version 12.00
# Visual Studio Version 17
VisualStudioVersion = 17.2.32630.192
MinimumVisualStudioVersion = 10.0.40219.1
Project("{2150E333-8FDC-42A3-9474-1A3956D46DE8}") = "src", "src", "{478224B2-4AE8-4431-84C6-CCB4D0AF4784}"
EndProject
Project("{2150E333-8FDC-42A3-9474-1A3956D46DE8}") = "corePackages", "corePackages", "{711BD236-F523-4A76-B67E-66A5BF357580}"
EndProject
Project("{9A19103F-16F7-4668-BE54-9A1E7A4F7556}") = "Core.Application", "..\nArchitecture\src\corePackages\Core.Application\Core.Application.csproj", "{D447E6AA-F16D-421F-AD31-64EB0F028F18}"
EndProject
Project("{9A19103F-16F7-4668-BE54-9A1E7A4F7556}") = "Core.CrossCuttingConcerns", "..\nArchitecture\src\corePackages\Core.CrossCuttingConcers\Core.CrossCuttingConcerns.csproj", "{EC1BF669-933F-496A-9807-50FE6BD58EF1}"
EndProject
Project("{9A19103F-16F7-4668-BE54-9A1E7A4F7556}") = "Core.ElasticSearch", "..\nArchitecture\src\corePackages\Core.ElasticSearch\Core.ElasticSearch.csproj", "{3F62731D-1AE1-422C-9765-DC945BCCD5E0}"
EndProject
Project("{9A19103F-16F7-4668-BE54-9A1E7A4F7556}") = "Core.Mailing", "..\nArchitecture\src\corePackages\Core.Mailing\Core.Mailing.csproj", "{4A54FB65-952D-467E-B20C-CC526E08A8AB}"
EndProject
Project("{9A19103F-16F7-4668-BE54-9A1E7A4F7556}") = "Core.Persistence", "..\nArchitecture\src\corePackages\Core.Persistence\Core.Persistence.csproj", "{F738F71F-0718-4910-A23D-393CCF864802}"
EndProject
Project("{9A19103F-16F7-4668-BE54-9A1E7A4F7556}") = "Core.Security", "..\nArchitecture\src\corePackages\Core.Security\Core.Security.csproj", "{AC0BA991-1359-4E07-997D-CA077BD4ABFC}"
EndProject
Project("{2150E333-8FDC-42A3-9474-1A3956D46DE8}") = "kodlama.io.devs", "kodlama.io.devs", "{B07CE370-8FF0-4078-9E47-53FE555B0345}"
EndProject
Project("{9A19103F-16F7-4668-BE54-9A1E7A4F7556}") = "Application", "Application\Application.csproj", "{C76B3035-0A4F-4919-BA5D-393DA4869342}"
EndProject
Project("{9A19103F-16F7-4668-BE54-9A1E7A4F7556}") = "Domain", "Domain\Domain.csproj", "{8C5506B7-6711-4336-88B4-DA95BC099E3E}"
EndProject
Project("{9A19103F-16F7-4668-BE54-9A1E7A4F7556}") = "Infrastructure", "Infrastructure\Infrastructure.csproj", "{33A900F2-2818-4F2A-8DD6-3B311538F29B}"
EndProject
Project("{9A19103F-16F7-4668-BE54-9A1E7A4F7556}") = "Persistence", "Persistence\Persistence.csproj", "{A6058A80-4EA9-4FB8-99C1-BB7497773EA7}"
EndProject
Project("{9A19103F-16F7-4668-BE54-9A1E7A4F7556}") = "WebAPI", "WebAPI\WebAPI.csproj", "{4B4EF0C8-B2A7-42B3-BF7D-D35CA4F0A768}"
EndProject
Global
	GlobalSection(SolutionConfigurationPlatforms) = preSolution
		Debug|Any CPU = Debug|Any CPU
		Release|Any CPU = Release|Any CPU
	EndGlobalSection
	GlobalSection(ProjectConfigurationPlatforms) = postSolution
		{D447E6AA-F16D-421F-AD31-64EB0F028F18}.Debug|Any CPU.ActiveCfg = Debug|Any CPU
		{D447E6AA-F16D-421F-AD31-64EB0F028F18}.Debug|Any CPU.Build.0 = Debug|Any CPU
		{D447E6AA-F16D-421F-AD31-64EB0F028F18}.Release|Any CPU.ActiveCfg = Release|Any CPU
		{D447E6AA-F16D-421F-AD31-64EB0F028F18}.Release|Any CPU.Build.0 = Release|Any CPU
		{EC1BF669-933F-496A-9807-50FE6BD58EF1}.Debug|Any CPU.ActiveCfg = Debug|Any CPU
		{EC1BF669-933F-496A-9807-50FE6BD58EF1}.Debug|Any CPU.Build.0 = Debug|Any CPU
		{EC1BF669-933F-496A-9807-50FE6BD58EF1}.Release|Any CPU.ActiveCfg = Release|Any CPU
		{EC1BF669-933F-496A-9807-50FE6BD58EF1}.Release|Any CPU.Build.0 = Release|Any CPU
		{3F62731D-1AE1-422C-9765-DC945BCCD5E0}.Debug|Any CPU.ActiveCfg = Debug|Any CPU
		{3F62731D-1AE1-422C-9765-DC945BCCD5E0}.Debug|Any CPU.Build.0 = Debug|Any CPU
		{3F62731D-1AE1-422C-9765-DC945BCCD5E0}.Release|Any CPU.ActiveCfg = Release|Any CPU
		{3F62731D-1AE1-422C-9765-DC945BCCD5E0}.Release|Any CPU.Build.0 = Release|Any CPU
		{4A54FB65-952D-467E-B20C-CC526E08A8AB}.Debug|Any CPU.ActiveCfg = Debug|Any CPU
		{4A54FB65-952D-467E-B20C-CC526E08A8AB}.Debug|Any CPU.Build.0 = Debug|Any CPU
		{4A54FB65-952D-467E-B20C-CC526E08A8AB}.Release|Any CPU.ActiveCfg = Release|Any CPU
		{4A54FB65-952D-467E-B20C-CC526E08A8AB}.Release|Any CPU.Build.0 = Release|Any CPU
		{F738F71F-0718-4910-A23D-393CCF864802}.Debug|Any CPU.ActiveCfg = Debug|Any CPU
		{F738F71F-0718-4910-A23D-393CCF864802}.Debug|Any CPU.Build.0 = Debug|Any CPU
		{F738F71F-0718-4910-A23D-393CCF864802}.Release|Any CPU.ActiveCfg = Release|Any CPU
		{F738F71F-0718-4910-A23D-393CCF864802}.Release|Any CPU.Build.0 = Release|Any CPU
		{AC0BA991-1359-4E07-997D-CA077BD4ABFC}.Debug|Any CPU.ActiveCfg = Debug|Any CPU
		{AC0BA991-1359-4E07-997D-CA077BD4ABFC}.Debug|Any CPU.Build.0 = Debug|Any CPU
		{AC0BA991-1359-4E07-997D-CA077BD4ABFC}.Release|Any CPU.ActiveCfg = Release|Any CPU
		{AC0BA991-1359-4E07-997D-CA077BD4ABFC}.Release|Any CPU.Build.0 = Release|Any CPU
		{C76B3035-0A4F-4919-BA5D-393DA4869342}.Debug|Any CPU.ActiveCfg = Debug|Any CPU
		{C76B3035-0A4F-4919-BA5D-393DA4869342}.Debug|Any CPU.Build.0 = Debug|Any CPU
		{C76B3035-0A4F-4919-BA5D-393DA4869342}.Release|Any CPU.ActiveCfg = Release|Any CPU
		{C76B3035-0A4F-4919-BA5D-393DA4869342}.Release|Any CPU.Build.0 = Release|Any CPU
		{8C5506B7-6711-4336-88B4-DA95BC099E3E}.Debug|Any CPU.ActiveCfg = Debug|Any CPU
		{8C5506B7-6711-4336-88B4-DA95BC099E3E}.Debug|Any CPU.Build.0 = Debug|Any CPU
		{8C5506B7-6711-4336-88B4-DA95BC099E3E}.Release|Any CPU.ActiveCfg = Release|Any CPU
		{8C5506B7-6711-4336-88B4-DA95BC099E3E}.Release|Any CPU.Build.0 = Release|Any CPU
		{33A900F2-2818-4F2A-8DD6-3B311538F29B}.Debug|Any CPU.ActiveCfg = Debug|Any CPU
		{33A900F2-2818-4F2A-8DD6-3B311538F29B}.Debug|Any CPU.Build.0 = Debug|Any CPU
		{33A900F2-2818-4F2A-8DD6-3B311538F29B}.Release|Any CPU.ActiveCfg = Release|Any CPU
		{33A900F2-2818-4F2A-8DD6-3B311538F29B}.Release|Any CPU.Build.0 = Release|Any CPU
		{A6058A80-4EA9-4FB8-99C1-BB7497773EA7}.Debug|Any CPU.ActiveCfg = Debug|Any CPU
		{A6058A80-4EA9-4FB8-99C1-BB7497773EA7}.Debug|Any CPU.Build.0 = Debug|Any CPU
		{A6058A80-4EA9-4FB8-99C1-BB7497773EA7}.Release|Any CPU.ActiveCfg = Release|Any CPU
		{A6058A80-4EA9-4FB8-99C1-BB7497773EA7}.Release|Any CPU.Build.0 = Release|Any CPU
		{4B4EF0C8-B2A7-42B3-BF7D-D35CA4F0A768}.Debug|Any CPU.ActiveCfg = Debug|Any CPU
		{4B4EF0C8-B2A7-42B3-BF7D-D35CA4F0A768}.Debug|Any CPU.Build.0 = Debug|Any CPU
		{4B4EF0C8-B2A7-42B3-BF7D-D35CA4F0A768}.Release|Any CPU.ActiveCfg = Release|Any CPU
		{4B4EF0C8-B2A7-42B3-BF7D-D35CA4F0A768}.Release|Any CPU.Build.0 = Release|Any CPU
	EndGlobalSection
	GlobalSection(SolutionProperties) = preSolution
		HideSolutionNode = FALSE
	EndGlobalSection
	GlobalSection(NestedProjects) = preSolution
		{711BD236-F523-4A76-B67E-66A5BF357580} = {478224B2-4AE8-4431-84C6-CCB4D0AF4784}
		{D447E6AA-F16D-421F-AD31-64EB0F028F18} = {711BD236-F523-4A76-B67E-66A5BF357580}
		{EC1BF669-933F-496A-9807-50FE6BD58EF1} = {711BD236-F523-4A76-B67E-66A5BF357580}
		{3F62731D-1AE1-422C-9765-DC945BCCD5E0} = {711BD236-F523-4A76-B67E-66A5BF357580}
		{4A54FB65-952D-467E-B20C-CC526E08A8AB} = {711BD236-F523-4A76-B67E-66A5BF357580}
		{F738F71F-0718-4910-A23D-393CCF864802} = {711BD236-F523-4A76-B67E-66A5BF357580}
		{AC0BA991-1359-4E07-997D-CA077BD4ABFC} = {711BD236-F523-4A76-B67E-66A5BF357580}
		{B07CE370-8FF0-4078-9E47-53FE555B0345} = {478224B2-4AE8-4431-84C6-CCB4D0AF4784}
		{C76B3035-0A4F-4919-BA5D-393DA4869342} = {B07CE370-8FF0-4078-9E47-53FE555B0345}
		{8C5506B7-6711-4336-88B4-DA95BC099E3E} = {B07CE370-8FF0-4078-9E47-53FE555B0345}
		{33A900F2-2818-4F2A-8DD6-3B311538F29B} = {B07CE370-8FF0-4078-9E47-53FE555B0345}
		{A6058A80-4EA9-4FB8-99C1-BB7497773EA7} = {B07CE370-8FF0-4078-9E47-53FE555B0345}
		{4B4EF0C8-B2A7-42B3-BF7D-D35CA4F0A768} = {B07CE370-8FF0-4078-9E47-53FE555B0345}
	EndGlobalSection
	GlobalSection(ExtensibilityGlobals) = postSolution
		SolutionGuid = {27D16A3E-5101-4D62-B01B-6D15E911905E}
	EndGlobalSection
EndGlobal
